PODS:
  - MDevice (1.0.1):
    - MFStoreHelperKit (~> 1.0.3)
  - MFStoreHelperKit (1.0.3):
    - SFHFKeychainUtils (~> 1.0.0)
  - SFHFKeychainUtils (1.0.0)

DEPENDENCIES:
  - MDevice (from `../`)

SPEC REPOS:
  https://github.com/cocoapods/specs.git:
    - MFStoreHelperKit
    - SFHFKeychainUtils

EXTERNAL SOURCES:
  MDevice:
    :path: "../"

SPEC CHECKSUMS:
  MDevice: 33a368219c3c7175478f6935a8d4cebac9555e2a
  MFStoreHelperKit: d32da4e4197c97bae77df140c4ef9b0dcb70f6c5
  SFHFKeychainUtils: a4e064aedb7a5ada3d5219152d45f53cebc16507

PODFILE CHECKSUM: 07406c8ad77d195aeafbe778d44905e3d2b0aacb

COCOAPODS: 1.5.3
